// !$*UTF8*$!
{
	archiveVersion = 1;
	classes = {
	};
	objectVersion = 46;
	objects = {

/* Begin PBXBuildFile section */
		2F6CA39E1CC7A8EF0089A643 /* AppDelegate.swift in Sources */ = {isa = PBXBuildFile; fileRef = 2F6CA39D1CC7A8EF0089A643 /* AppDelegate.swift */; };
		2F6CA3A01CC7A8EF0089A643 /* ViewController.swift in Sources */ = {isa = PBXBuildFile; fileRef = 2F6CA39F1CC7A8EF0089A643 /* ViewController.swift */; };
		2F6CA3A31CC7A8EF0089A643 /* Main.storyboard in Resources */ = {isa = PBXBuildFile; fileRef = 2F6CA3A11CC7A8EF0089A643 /* Main.storyboard */; };
		2F6CA3A61CC7A8EF0089A643 /* NewProject.xcdatamodeld in Sources */ = {isa = PBXBuildFile; fileRef = 2F6CA3A41CC7A8EF0089A643 /* NewProject.xcdatamodeld */; };
		2F6CA3A81CC7A8F00089A643 /* Assets.xcassets in Resources */ = {isa = PBXBuildFile; fileRef = 2F6CA3A71CC7A8F00089A643 /* Assets.xcassets */; };
		2F6CA3AB1CC7A8F00089A643 /* LaunchScreen.storyboard in Resources */ = {isa = PBXBuildFile; fileRef = 2F6CA3A91CC7A8F00089A643 /* LaunchScreen.storyboard */; };
		2F6CA3B61CC7A8F00089A643 /* NewProjectTests.swift in Sources */ = {isa = PBXBuildFile; fileRef = 2F6CA3B51CC7A8F00089A643 /* NewProjectTests.swift */; };
		2F6CA3C11CC7A8F00089A643 /* NewProjectUITests.swift in Sources */ = {isa = PBXBuildFile; fileRef = 2F6CA3C01CC7A8F00089A643 /* NewProjectUITests.swift */; };
/* End PBXBuildFile section */

/* Begin PBXContainerItemProxy section */
		2F6CA3B21CC7A8F00089A643 /* PBXContainerItemProxy */ = {
			isa = PBXContainerItemProxy;
			containerPortal = 2F6CA3921CC7A8EF0089A643 /* Project object */;
			proxyType = 1;
			remoteGlobalIDString = 2F6CA3991CC7A8EF0089A643;
			remoteInfo = NewProject;
		};
		2F6CA3BD1CC7A8F00089A643 /* PBXContainerItemProxy */ = {
			isa = PBXContainerItemProxy;
			containerPortal = 2F6CA3921CC7A8EF0089A643 /* Project object */;
			proxyType = 1;
			remoteGlobalIDString = 2F6CA3991CC7A8EF0089A643;
			remoteInfo = NewProject;
		};
/* End PBXContainerItemProxy section */

/* Begin PBXFileReference section */
		2F6CA39A1CC7A8EF0089A643 /* NewProject.app */ = {isa = PBXFileReference; explicitFileType = wrapper.application; includeInIndex = 0; path = NewProject.app; sourceTree = BUILT_PRODUCTS_DIR; };
		2F6CA39D1CC7A8EF0089A643 /* AppDelegate.swift */ = {isa = PBXFileReference; lastKnownFileType = sourcecode.swift; path = AppDelegate.swift; sourceTree = "<group>"; };
		2F6CA39F1CC7A8EF0089A643 /* ViewController.swift */ = {isa = PBXFileReference; lastKnownFileType = sourcecode.swift; path = ViewController.swift; sourceTree = "<group>"; };
		2F6CA3A21CC7A8EF0089A643 /* Base */ = {isa = PBXFileReference; lastKnownFileType = file.storyboard; name = Base; path = Base.lproj/Main.storyboard; sourceTree = "<group>"; };
		2F6CA3A51CC7A8EF0089A643 /* NewProject.xcdatamodel */ = {isa = PBXFileReference; lastKnownFileType = wrapper.xcdatamodel; path = NewProject.xcdatamodel; sourceTree = "<group>"; };
		2F6CA3A71CC7A8F00089A643 /* Assets.xcassets */ = {isa = PBXFileReference; lastKnownFileType = folder.assetcatalog; path = Assets.xcassets; sourceTree = "<group>"; };
		2F6CA3AA1CC7A8F00089A643 /* Base */ = {isa = PBXFileReference; lastKnownFileType = file.storyboard; name = Base; path = Base.lproj/LaunchScreen.storyboard; sourceTree = "<group>"; };
		2F6CA3AC1CC7A8F00089A643 /* Info.plist */ = {isa = PBXFileReference; lastKnownFileType = text.plist.xml; path = Info.plist; sourceTree = "<group>"; };
		2F6CA3B11CC7A8F00089A643 /* NewProjectTests.xctest */ = {isa = PBXFileReference; explicitFileType = wrapper.cfbundle; includeInIndex = 0; path = NewProjectTests.xctest; sourceTree = BUILT_PRODUCTS_DIR; };
		2F6CA3B51CC7A8F00089A643 /* NewProjectTests.swift */ = {isa = PBXFileReference; lastKnownFileType = sourcecode.swift; path = NewProjectTests.swift; sourceTree = "<group>"; };
		2F6CA3B71CC7A8F00089A643 /* Info.plist */ = {isa = PBXFileReference; lastKnownFileType = text.plist.xml; path = Info.plist; sourceTree = "<group>"; };
		2F6CA3BC1CC7A8F00089A643 /* NewProjectUITests.xctest */ = {isa = PBXFileReference; explicitFileType = wrapper.cfbundle; includeInIndex = 0; path = NewProjectUITests.xctest; sourceTree = BUILT_PRODUCTS_DIR; };
		2F6CA3C01CC7A8F00089A643 /* NewProjectUITests.swift */ = {isa = PBXFileReference; lastKnownFileType = sourcecode.swift; path = NewProjectUITests.swift; sourceTree = "<group>"; };
		2F6CA3C21CC7A8F00089A643 /* Info.plist */ = {isa = PBXFileReference; lastKnownFileType = text.plist.xml; path = Info.plist; sourceTree = "<group>"; };
/* End PBXFileReference section */

/* Begin PBXFrameworksBuildPhase section */
		2F6CA3971CC7A8EF0089A643 /* Frameworks */ = {
			isa = PBXFrameworksBuildPhase;
			buildActionMask = 2147483647;
			files = (
			);
			runOnlyForDeploymentPostprocessing = 0;
		};
		2F6CA3AE1CC7A8F00089A643 /* Frameworks */ = {
			isa = PBXFrameworksBuildPhase;
			buildActionMask = 2147483647;
			files = (
			);
			runOnlyForDeploymentPostprocessing = 0;
		};
		2F6CA3B91CC7A8F00089A643 /* Frameworks */ = {
			isa = PBXFrameworksBuildPhase;
			buildActionMask = 2147483647;
			files = (
			);
			runOnlyForDeploymentPostprocessing = 0;
		};
/* End PBXFrameworksBuildPhase section */

/* Begin PBXGroup section */
		2F6CA3911CC7A8EF0089A643 = {
			isa = PBXGroup;
			children = (
				2F6CA39C1CC7A8EF0089A643 /* NewProject */,
				2F6CA3B41CC7A8F00089A643 /* NewProjectTests */,
				2F6CA3BF1CC7A8F00089A643 /* NewProjectUITests */,
				2F6CA39B1CC7A8EF0089A643 /* Products */,
			);
			sourceTree = "<group>";
		};
		2F6CA39B1CC7A8EF0089A643 /* Products */ = {
			isa = PBXGroup;
			children = (
				2F6CA39A1CC7A8EF0089A643 /* NewProject.app */,
				2F6CA3B11CC7A8F00089A643 /* NewProjectTests.xctest */,
				2F6CA3BC1CC7A8F00089A643 /* NewProjectUITests.xctest */,
			);
			name = Products;
			sourceTree = "<group>";
		};
		2F6CA39C1CC7A8EF0089A643 /* NewProject */ = {
			isa = PBXGroup;
			children = (
				2F6CA39D1CC7A8EF0089A643 /* AppDelegate.swift */,
				2F6CA39F1CC7A8EF0089A643 /* ViewController.swift */,
				2F6CA3A11CC7A8EF0089A643 /* Main.storyboard */,
				2F6CA3A71CC7A8F00089A643 /* Assets.xcassets */,
				2F6CA3A91CC7A8F00089A643 /* LaunchScreen.storyboard */,
				2F6CA3AC1CC7A8F00089A643 /* Info.plist */,
				2F6CA3A41CC7A8EF0089A643 /* NewProject.xcdatamodeld */,
			);
			path = NewProject;
			sourceTree = "<group>";
		};
		2F6CA3B41CC7A8F00089A643 /* NewProjectTests */ = {
			isa = PBXGroup;
			children = (
				2F6CA3B51CC7A8F00089A643 /* NewProjectTests.swift */,
				2F6CA3B71CC7A8F00089A643 /* Info.plist */,
			);
			path = NewProjectTests;
			sourceTree = "<group>";
		};
		2F6CA3BF1CC7A8F00089A643 /* NewProjectUITests */ = {
			isa = PBXGroup;
			children = (
				2F6CA3C01CC7A8F00089A643 /* NewProjectUITests.swift */,
				2F6CA3C21CC7A8F00089A643 /* Info.plist */,
			);
			path = NewProjectUITests;
			sourceTree = "<group>";
		};
/* End PBXGroup section */

/* Begin PBXNativeTarget section */
		2F6CA3991CC7A8EF0089A643 /* NewProject */ = {
			isa = PBXNativeTarget;
			buildConfigurationList = 2F6CA3C51CC7A8F00089A643 /* Build configuration list for PBXNativeTarget "NewProject" */;
			buildPhases = (
				2F6CA3961CC7A8EF0089A643 /* Sources */,
				2F6CA3971CC7A8EF0089A643 /* Frameworks */,
				2F6CA3981CC7A8EF0089A643 /* Resources */,
			);
			buildRules = (
			);
			dependencies = (
			);
			name = NewProject;
			productName = NewProject;
			productReference = 2F6CA39A1CC7A8EF0089A643 /* NewProject.app */;
			productType = "com.apple.product-type.application";
		};
		2F6CA3B01CC7A8F00089A643 /* NewProjectTests */ = {
			isa = PBXNativeTarget;
			buildConfigurationList = 2F6CA3C81CC7A8F00089A643 /* Build configuration list for PBXNativeTarget "NewProjectTests" */;
			buildPhases = (
				2F6CA3AD1CC7A8F00089A643 /* Sources */,
				2F6CA3AE1CC7A8F00089A643 /* Frameworks */,
				2F6CA3AF1CC7A8F00089A643 /* Resources */,
			);
			buildRules = (
			);
			dependencies = (
				2F6CA3B31CC7A8F00089A643 /* PBXTargetDependency */,
			);
			name = NewProjectTests;
			productName = NewProjectTests;
			productReference = 2F6CA3B11CC7A8F00089A643 /* NewProjectTests.xctest */;
			productType = "com.apple.product-type.bundle.unit-test";
		};
		2F6CA3BB1CC7A8F00089A643 /* NewProjectUITests */ = {
			isa = PBXNativeTarget;
			buildConfigurationList = 2F6CA3CB1CC7A8F00089A643 /* Build configuration list for PBXNativeTarget "NewProjectUITests" */;
			buildPhases = (
				2F6CA3B81CC7A8F00089A643 /* Sources */,
				2F6CA3B91CC7A8F00089A643 /* Frameworks */,
				2F6CA3BA1CC7A8F00089A643 /* Resources */,
			);
			buildRules = (
			);
			dependencies = (
				2F6CA3BE1CC7A8F00089A643 /* PBXTargetDependency */,
			);
			name = NewProjectUITests;
			productName = NewProjectUITests;
			productReference = 2F6CA3BC1CC7A8F00089A643 /* NewProjectUITests.xctest */;
			productType = "com.apple.product-type.bundle.ui-testing";
		};
/* End PBXNativeTarget section */

/* Begin PBXProject section */
		2F6CA3921CC7A8EF0089A643 /* Project object */ = {
			isa = PBXProject;
			attributes = {
				LastSwiftUpdateCheck = 0720;
				LastUpgradeCheck = 0720;
				ORGANIZATIONNAME = "Aseem 24";
				TargetAttributes = {
					2F6CA3991CC7A8EF0089A643 = {
						CreatedOnToolsVersion = 7.2;
					};
					2F6CA3B01CC7A8F00089A643 = {
						CreatedOnToolsVersion = 7.2;
						TestTargetID = 2F6CA3991CC7A8EF0089A643;
					};
					2F6CA3BB1CC7A8F00089A643 = {
						CreatedOnToolsVersion = 7.2;
						TestTargetID = 2F6CA3991CC7A8EF0089A643;
					};
				};
			};
			buildConfigurationList = 2F6CA3951CC7A8EF0089A643 /* Build configuration list for PBXProject "NewProject" */;
			compatibilityVersion = "Xcode 3.2";
			developmentRegion = English;
			hasScannedForEncodings = 0;
			knownRegions = (
				en,
				Base,
			);
			mainGroup = 2F6CA3911CC7A8EF0089A643;
			productRefGroup = 2F6CA39B1CC7A8EF0089A643 /* Products */;
			projectDirPath = "";
			projectRoot = "";
			targets = (
				2F6CA3991CC7A8EF0089A643 /* NewProject */,
				2F6CA3B01CC7A8F00089A643 /* NewProjectTests */,
				2F6CA3BB1CC7A8F00089A643 /* NewProjectUITests */,
			);
		};
/* End PBXProject section */

/* Begin PBXResourcesBuildPhase section */
		2F6CA3981CC7A8EF0089A643 /* Resources */ = {
			isa = PBXResourcesBuildPhase;
			buildActionMask = 2147483647;
			files = (
				2F6CA3AB1CC7A8F00089A643 /* LaunchScreen.storyboard in Resources */,
				2F6CA3A81CC7A8F00089A643 /* Assets.xcassets in Resources */,
				2F6CA3A31CC7A8EF0089A643 /* Main.storyboard in Resources */,
			);
			runOnlyForDeploymentPostprocessing = 0;
		};
		2F6CA3AF1CC7A8F00089A643 /* Resources */ = {
			isa = PBXResourcesBuildPhase;
			buildActionMask = 2147483647;
			files = (
			);
			runOnlyForDeploymentPostprocessing = 0;
		};
		2F6CA3BA1CC7A8F00089A643 /* Resources */ = {
			isa = PBXResourcesBuildPhase;
			buildActionMask = 2147483647;
			files = (
			);
			runOnlyForDeploymentPostprocessing = 0;
		};
/* End PBXResourcesBuildPhase section */

/* Begin PBXSourcesBuildPhase section */
		2F6CA3961CC7A8EF0089A643 /* Sources */ = {
			isa = PBXSourcesBuildPhase;
			buildActionMask = 2147483647;
			files = (
				2F6CA3A01CC7A8EF0089A643 /* ViewController.swift in Sources */,
				2F6CA39E1CC7A8EF0089A643 /* AppDelegate.swift in Sources */,
				2F6CA3A61CC7A8EF0089A643 /* NewProject.xcdatamodeld in Sources */,
			);
			runOnlyForDeploymentPostprocessing = 0;
		};
		2F6CA3AD1CC7A8F00089A643 /* Sources */ = {
			isa = PBXSourcesBuildPhase;
			buildActionMask = 2147483647;
			files = (
				2F6CA3B61CC7A8F00089A643 /* NewProjectTests.swift in Sources */,
			);
			runOnlyForDeploymentPostprocessing = 0;
		};
		2F6CA3B81CC7A8F00089A643 /* Sources */ = {
			isa = PBXSourcesBuildPhase;
			buildActionMask = 2147483647;
			files = (
				2F6CA3C11CC7A8F00089A643 /* NewProjectUITests.swift in Sources */,
			);
			runOnlyForDeploymentPostprocessing = 0;
		};
/* End PBXSourcesBuildPhase section */

/* Begin PBXTargetDependency section */
		2F6CA3B31CC7A8F00089A643 /* PBXTargetDependency */ = {
			isa = PBXTargetDependency;
			target = 2F6CA3991CC7A8EF0089A643 /* NewProject */;
			targetProxy = 2F6CA3B21CC7A8F00089A643 /* PBXContainerItemProxy */;
		};
		2F6CA3BE1CC7A8F00089A643 /* PBXTargetDependency */ = {
			isa = PBXTargetDependency;
			target = 2F6CA3991CC7A8EF0089A643 /* NewProject */;
			targetProxy = 2F6CA3BD1CC7A8F00089A643 /* PBXContainerItemProxy */;
		};
/* End PBXTargetDependency section */

/* Begin PBXVariantGroup section */
		2F6CA3A11CC7A8EF0089A643 /* Main.storyboard */ = {
			isa = PBXVariantGroup;
			children = (
				2F6CA3A21CC7A8EF0089A643 /* Base */,
			);
			name = Main.storyboard;
			sourceTree = "<group>";
		};
		2F6CA3A91CC7A8F00089A643 /* LaunchScreen.storyboard */ = {
			isa = PBXVariantGroup;
			children = (
				2F6CA3AA1CC7A8F00089A643 /* Base */,
			);
			name = LaunchScreen.storyboard;
			sourceTree = "<group>";
		};
/* End PBXVariantGroup section */

/* Begin XCBuildConfiguration section */
		2F6CA3C31CC7A8F00089A643 /* Debug */ = {
			isa = XCBuildConfiguration;
			buildSettings = {
				ALWAYS_SEARCH_USER_PATHS = NO;
				CLANG_CXX_LANGUAGE_STANDARD = "gnu++0x";
				CLANG_CXX_LIBRARY = "libc++";
				CLANG_ENABLE_MODULES = YES;
				CLANG_ENABLE_OBJC_ARC = YES;
				CLANG_WARN_BOOL_CONVERSION = YES;
				CLANG_WARN_CONSTANT_CONVERSION = YES;
				CLANG_WARN_DIRECT_OBJC_ISA_USAGE = YES_ERROR;
				CLANG_WARN_EMPTY_BODY = YES;
				CLANG_WARN_ENUM_CONVERSION = YES;
				CLANG_WARN_INT_CONVERSION = YES;
				CLANG_WARN_OBJC_ROOT_CLASS = YES_ERROR;
				CLANG_WARN_UNREACHABLE_CODE = YES;
				CLANG_WARN__DUPLICATE_METHOD_MATCH = YES;
				"CODE_SIGN_IDENTITY[sdk=iphoneos*]" = "iPhone Developer";
				COPY_PHASE_STRIP = NO;
				DEBUG_INFORMATION_FORMAT = dwarf;
				ENABLE_STRICT_OBJC_MSGSEND = YES;
				ENABLE_TESTABILITY = YES;
				GCC_C_LANGUAGE_STANDARD = gnu99;
				GCC_DYNAMIC_NO_PIC = NO;
				GCC_NO_COMMON_BLOCKS = YES;
				GCC_OPTIMIZATION_LEVEL = 0;
				GCC_PREPROCESSOR_DEFINITIONS = (
					"DEBUG=1",
					"$(inherited)",
				);
				GCC_WARN_64_TO_32_BIT_CONVERSION = YES;
				GCC_WARN_ABOUT_RETURN_TYPE = YES_ERROR;
				GCC_WARN_UNDECLARED_SELECTOR = YES;
				GCC_WARN_UNINITIALIZED_AUTOS = YES_AGGRESSIVE;
				GCC_WARN_UNUSED_FUNCTION = YES;
				GCC_WARN_UNUSED_VARIABLE = YES;
				IPHONEOS_DEPLOYMENT_TARGET = 9.2;
				MTL_ENABLE_DEBUG_INFO = YES;
				ONLY_ACTIVE_ARCH = YES;
				SDKROOT = iphoneos;
				SWIFT_OPTIMIZATION_LEVEL = "-Onone";
				TARGETED_DEVICE_FAMILY = "1,2";
			};
			name = Debug;
		};
		2F6CA3C41CC7A8F00089A643 /* Release */ = {
			isa = XCBuildConfiguration;
			buildSettings = {
				ALWAYS_SEARCH_USER_PATHS = NO;
				CLANG_CXX_LANGUAGE_STANDARD = "gnu++0x";
				CLANG_CXX_LIBRARY = "libc++";
				CLANG_ENABLE_MODULES = YES;
				CLANG_ENABLE_OBJC_ARC = YES;
				CLANG_WARN_BOOL_CONVERSION = YES;
				CLANG_WARN_CONSTANT_CONVERSION = YES;
				CLANG_WARN_DIRECT_OBJC_ISA_USAGE = YES_ERROR;
				CLANG_WARN_EMPTY_BODY = YES;
				CLANG_WARN_ENUM_CONVERSION = YES;
				CLANG_WARN_INT_CONVERSION = YES;
				CLANG_WARN_OBJC_ROOT_CLASS = YES_ERROR;
				CLANG_WARN_UNREACHABLE_CODE = YES;
				CLANG_WARN__DUPLICATE_METHOD_MATCH = YES;
				"CODE_SIGN_IDENTITY[sdk=iphoneos*]" = "iPhone Developer";
				COPY_PHASE_STRIP = NO;
				DEBUG_INFORMATION_FORMAT = "dwarf-with-dsym";
				ENABLE_NS_ASSERTIONS = NO;
				ENABLE_STRICT_OBJC_MSGSEND = YES;
				GCC_C_LANGUAGE_STANDARD = gnu99;
				GCC_NO_COMMON_BLOCKS = YES;
				GCC_WARN_64_TO_32_BIT_CONVERSION = YES;
				GCC_WARN_ABOUT_RETURN_TYPE = YES_ERROR;
				GCC_WARN_UNDECLARED_SELECTOR = YES;
				GCC_WARN_UNINITIALIZED_AUTOS = YES_AGGRESSIVE;
				GCC_WARN_UNUSED_FUNCTION = YES;
				GCC_WARN_UNUSED_VARIABLE = YES;
				IPHONEOS_DEPLOYMENT_TARGET = 9.2;
				MTL_ENABLE_DEBUG_INFO = NO;
				SDKROOT = iphoneos;
				TARGETED_DEVICE_FAMILY = "1,2";
				VALIDATE_PRODUCT = YES;
			};
			name = Release;
		};
		2F6CA3C61CC7A8F00089A643 /* Debug */ = {
			isa = XCBuildConfiguration;
			buildSettings = {
				ASSETCATALOG_COMPILER_APPICON_NAME = AppIcon;
				INFOPLIST_FILE = NewProject/Info.plist;
				LD_RUNPATH_SEARCH_PATHS = "$(inherited) @executable_path/Frameworks";
				PRODUCT_BUNDLE_IDENTIFIER = "aakanksha-codebrew.NewProject";
				PRODUCT_NAME = "$(TARGET_NAME)";
			};
			name = Debug;
		};
		2F6CA3C71CC7A8F00089A643 /* Release */ = {
			isa = XCBuildConfiguration;
			buildSettings = {
				ASSETCATALOG_COMPILER_APPICON_NAME = AppIcon;
				INFOPLIST_FILE = NewProject/Info.plist;
				LD_RUNPATH_SEARCH_PATHS = "$(inherited) @executable_path/Frameworks";
				PRODUCT_BUNDLE_IDENTIFIER = "aakanksha-codebrew.NewProject";
				PRODUCT_NAME = "$(TARGET_NAME)";
			};
			name = Release;
		};
		2F6CA3C91CC7A8F00089A643 /* Debug */ = {
			isa = XCBuildConfiguration;
			buildSettings = {
				BUNDLE_LOADER = "$(TEST_HOST)";
				INFOPLIST_FILE = NewProjectTests/Info.plist;
				LD_RUNPATH_SEARCH_PATHS = "$(inherited) @executable_path/Frameworks @loader_path/Frameworks";
				PRODUCT_BUNDLE_IDENTIFIER = "aakanksha-codebrew.NewProjectTests";
				PRODUCT_NAME = "$(TARGET_NAME)";
				TEST_HOST = "$(BUILT_PRODUCTS_DIR)/NewProject.app/NewProject";
			};
			name = Debug;
		};
		2F6CA3CA1CC7A8F00089A643 /* Release */ = {
			isa = XCBuildConfiguration;
			buildSettings = {
				BUNDLE_LOADER = "$(TEST_HOST)";
				INFOPLIST_FILE = NewProjectTests/Info.plist;
				LD_RUNPATH_SEARCH_PATHS = "$(inherited) @executable_path/Frameworks @loader_path/Frameworks";
				PRODUCT_BUNDLE_IDENTIFIER = "aakanksha-codebrew.NewProjectTests";
				PRODUCT_NAME = "$(TARGET_NAME)";
				TEST_HOST = "$(BUILT_PRODUCTS_DIR)/NewProject.app/NewProject";
			};
			name = Release;
		};
		2F6CA3CC1CC7A8F00089A643 /* Debug */ = {
			isa = XCBuildConfiguration;
			buildSettings = {
				INFOPLIST_FILE = NewProjectUITests/Info.plist;
				LD_RUNPATH_SEARCH_PATHS = "$(inherited) @executable_path/Frameworks @loader_path/Frameworks";
				PRODUCT_BUNDLE_IDENTIFIER = "aakanksha-codebrew.NewProjectUITests";
				PRODUCT_NAME = "$(TARGET_NAME)";
				TEST_TARGET_NAME = NewProject;
				USES_XCTRUNNER = YES;
			};
			name = Debug;
		};
		2F6CA3CD1CC7A8F00089A643 /* Release */ = {
			isa = XCBuildConfiguration;
			buildSettings = {
				INFOPLIST_FILE = NewProjectUITests/Info.plist;
				LD_RUNPATH_SEARCH_PATHS = "$(inherited) @executable_path/Frameworks @loader_path/Frameworks";
				PRODUCT_BUNDLE_IDENTIFIER = "aakanksha-codebrew.NewProjectUITests";
				PRODUCT_NAME = "$(TARGET_NAME)";
				TEST_TARGET_NAME = NewProject;
				USES_XCTRUNNER = YES;
			};
			name = Release;
		};
/* End XCBuildConfiguration section */

/* Begin XCConfigurationList section */
		2F6CA3951CC7A8EF0089A643 /* Build configuration list for PBXProject "NewProject" */ = {
			isa = XCConfigurationList;
			buildConfigurations = (
				2F6CA3C31CC7A8F00089A643 /* Debug */,
				2F6CA3C41CC7A8F00089A643 /* Release */,
			);
			defaultConfigurationIsVisible = 0;
			defaultConfigurationName = Release;
		};
		2F6CA3C51CC7A8F00089A643 /* Build configuration list for PBXNativeTarget "NewProject" */ = {
			isa = XCConfigurationList;
			buildConfigurations = (
				2F6CA3C61CC7A8F00089A643 /* Debug */,
				2F6CA3C71CC7A8F00089A643 /* Release */,
			);
			defaultConfigurationIsVisible = 0;
		};
		2F6CA3C81CC7A8F00089A643 /* Build configuration list for PBXNativeTarget "NewProjectTests" */ = {
			isa = XCConfigurationList;
			buildConfigurations = (
				2F6CA3C91CC7A8F00089A643 /* Debug */,
				2F6CA3CA1CC7A8F00089A643 /* Release */,
			);
			defaultConfigurationIsVisible = 0;
		};
		2F6CA3CB1CC7A8F00089A643 /* Build configuration list for PBXNativeTarget "NewProjectUITests" */ = {
			isa = XCConfigurationList;
			buildConfigurations = (
				2F6CA3CC1CC7A8F00089A643 /* Debug */,
				2F6CA3CD1CC7A8F00089A643 /* Release */,
			);
			defaultConfigurationIsVisible = 0;
		};
/* End XCConfigurationList section */

/* Begin XCVersionGroup section */
		2F6CA3A41CC7A8EF0089A643 /* NewProject.xcdatamodeld */ = {
			isa = XCVersionGroup;
			children = (
				2F6CA3A51CC7A8EF0089A643 /* NewProject.xcdatamodel */,
			);
			currentVersion = 2F6CA3A51CC7A8EF0089A643 /* NewProject.xcdatamodel */;
			path = NewProject.xcdatamodeld;
			sourceTree = "<group>";
			versionGroupType = wrapper.xcdatamodel;
		};
/* End XCVersionGroup section */
	};
	rootObject = 2F6CA3921CC7A8EF0089A643 /* Project object */;
}
